// !$*UTF8*$!
{
	archiveVersion = 1;
	classes = {
	};
	objectVersion = 56;
	objects = {

/* Begin PBXBuildFile section */
		42B6F5FE28C7041D002EC631 /* MoneyApppApp.swift in Sources */ = {isa = PBXBuildFile; fileRef = 42B6F5FD28C7041D002EC631 /* MoneyApppApp.swift */; };
		42B6F60028C7041D002EC631 /* ContentView.swift in Sources */ = {isa = PBXBuildFile; fileRef = 42B6F5FF28C7041D002EC631 /* ContentView.swift */; };
		42B6F60228C7041E002EC631 /* Assets.xcassets in Resources */ = {isa = PBXBuildFile; fileRef = 42B6F60128C7041E002EC631 /* Assets.xcassets */; };
		42B6F60528C7041E002EC631 /* Preview Assets.xcassets in Resources */ = {isa = PBXBuildFile; fileRef = 42B6F60428C7041E002EC631 /* Preview Assets.xcassets */; };
		42B6F60728C7041E002EC631 /* Persistence.swift in Sources */ = {isa = PBXBuildFile; fileRef = 42B6F60628C7041E002EC631 /* Persistence.swift */; };
		42B6F60A28C7041E002EC631 /* MoneyAppp.xcdatamodeld in Sources */ = {isa = PBXBuildFile; fileRef = 42B6F60828C7041E002EC631 /* MoneyAppp.xcdatamodeld */; };
		42B6F61428C7041E002EC631 /* MoneyApppTests.swift in Sources */ = {isa = PBXBuildFile; fileRef = 42B6F61328C7041E002EC631 /* MoneyApppTests.swift */; };
		42B6F61E28C7041E002EC631 /* MoneyApppUITests.swift in Sources */ = {isa = PBXBuildFile; fileRef = 42B6F61D28C7041E002EC631 /* MoneyApppUITests.swift */; };
		42B6F62028C7041E002EC631 /* MoneyApppUITestsLaunchTests.swift in Sources */ = {isa = PBXBuildFile; fileRef = 42B6F61F28C7041E002EC631 /* MoneyApppUITestsLaunchTests.swift */; };
		42B6F62F28C70868002EC631 /* Credentials.swift in Sources */ = {isa = PBXBuildFile; fileRef = 42B6F62E28C70868002EC631 /* Credentials.swift */; };
		42B6F63228C708E1002EC631 /* ApiService.swift in Sources */ = {isa = PBXBuildFile; fileRef = 42B6F63128C708E1002EC631 /* ApiService.swift */; };
		42B6F63428C70A27002EC631 /* UIApplication+Extension.swift in Sources */ = {isa = PBXBuildFile; fileRef = 42B6F63328C70A27002EC631 /* UIApplication+Extension.swift */; };
		42B6F63828C70C81002EC631 /* LoginViewModel.swift in Sources */ = {isa = PBXBuildFile; fileRef = 42B6F63728C70C81002EC631 /* LoginViewModel.swift */; };
		42B6F63A28C70CA4002EC631 /* LoginView.swift in Sources */ = {isa = PBXBuildFile; fileRef = 42B6F63928C70CA4002EC631 /* LoginView.swift */; };
		42B6F63C28C70EDA002EC631 /* Auth.swift in Sources */ = {isa = PBXBuildFile; fileRef = 42B6F63B28C70EDA002EC631 /* Auth.swift */; };
/* End PBXBuildFile section */

/* Begin PBXContainerItemProxy section */
		42B6F61028C7041E002EC631 /* PBXContainerItemProxy */ = {
			isa = PBXContainerItemProxy;
			containerPortal = 42B6F5F228C7041D002EC631 /* Project object */;
			proxyType = 1;
			remoteGlobalIDString = 42B6F5F928C7041D002EC631;
			remoteInfo = MoneyAppp;
		};
		42B6F61A28C7041E002EC631 /* PBXContainerItemProxy */ = {
			isa = PBXContainerItemProxy;
			containerPortal = 42B6F5F228C7041D002EC631 /* Project object */;
			proxyType = 1;
			remoteGlobalIDString = 42B6F5F928C7041D002EC631;
			remoteInfo = MoneyAppp;
		};
/* End PBXContainerItemProxy section */

/* Begin PBXFileReference section */
		42B6F5FA28C7041D002EC631 /* MoneyAppp.app */ = {isa = PBXFileReference; explicitFileType = wrapper.application; includeInIndex = 0; path = MoneyAppp.app; sourceTree = BUILT_PRODUCTS_DIR; };
		42B6F5FD28C7041D002EC631 /* MoneyApppApp.swift */ = {isa = PBXFileReference; lastKnownFileType = sourcecode.swift; path = MoneyApppApp.swift; sourceTree = "<group>"; };
		42B6F5FF28C7041D002EC631 /* ContentView.swift */ = {isa = PBXFileReference; lastKnownFileType = sourcecode.swift; path = ContentView.swift; sourceTree = "<group>"; };
		42B6F60128C7041E002EC631 /* Assets.xcassets */ = {isa = PBXFileReference; lastKnownFileType = folder.assetcatalog; path = Assets.xcassets; sourceTree = "<group>"; };
		42B6F60428C7041E002EC631 /* Preview Assets.xcassets */ = {isa = PBXFileReference; lastKnownFileType = folder.assetcatalog; path = "Preview Assets.xcassets"; sourceTree = "<group>"; };
		42B6F60628C7041E002EC631 /* Persistence.swift */ = {isa = PBXFileReference; lastKnownFileType = sourcecode.swift; path = Persistence.swift; sourceTree = "<group>"; };
		42B6F60928C7041E002EC631 /* MoneyAppp.xcdatamodel */ = {isa = PBXFileReference; lastKnownFileType = wrapper.xcdatamodel; path = MoneyAppp.xcdatamodel; sourceTree = "<group>"; };
		42B6F60F28C7041E002EC631 /* MoneyApppTests.xctest */ = {isa = PBXFileReference; explicitFileType = wrapper.cfbundle; includeInIndex = 0; path = MoneyApppTests.xctest; sourceTree = BUILT_PRODUCTS_DIR; };
		42B6F61328C7041E002EC631 /* MoneyApppTests.swift */ = {isa = PBXFileReference; lastKnownFileType = sourcecode.swift; path = MoneyApppTests.swift; sourceTree = "<group>"; };
		42B6F61928C7041E002EC631 /* MoneyApppUITests.xctest */ = {isa = PBXFileReference; explicitFileType = wrapper.cfbundle; includeInIndex = 0; path = MoneyApppUITests.xctest; sourceTree = BUILT_PRODUCTS_DIR; };
		42B6F61D28C7041E002EC631 /* MoneyApppUITests.swift */ = {isa = PBXFileReference; lastKnownFileType = sourcecode.swift; path = MoneyApppUITests.swift; sourceTree = "<group>"; };
		42B6F61F28C7041E002EC631 /* MoneyApppUITestsLaunchTests.swift */ = {isa = PBXFileReference; lastKnownFileType = sourcecode.swift; path = MoneyApppUITestsLaunchTests.swift; sourceTree = "<group>"; };
		42B6F62E28C70868002EC631 /* Credentials.swift */ = {isa = PBXFileReference; lastKnownFileType = sourcecode.swift; path = Credentials.swift; sourceTree = "<group>"; };
		42B6F63128C708E1002EC631 /* ApiService.swift */ = {isa = PBXFileReference; lastKnownFileType = sourcecode.swift; path = ApiService.swift; sourceTree = "<group>"; };
		42B6F63328C70A27002EC631 /* UIApplication+Extension.swift */ = {isa = PBXFileReference; lastKnownFileType = sourcecode.swift; path = "UIApplication+Extension.swift"; sourceTree = "<group>"; };
		42B6F63728C70C81002EC631 /* LoginViewModel.swift */ = {isa = PBXFileReference; lastKnownFileType = sourcecode.swift; path = LoginViewModel.swift; sourceTree = "<group>"; };
		42B6F63928C70CA4002EC631 /* LoginView.swift */ = {isa = PBXFileReference; lastKnownFileType = sourcecode.swift; path = LoginView.swift; sourceTree = "<group>"; };
		42B6F63B28C70EDA002EC631 /* Auth.swift */ = {isa = PBXFileReference; lastKnownFileType = sourcecode.swift; path = Auth.swift; sourceTree = "<group>"; };
/* End PBXFileReference section */

/* Begin PBXFrameworksBuildPhase section */
		42B6F5F728C7041D002EC631 /* Frameworks */ = {
			isa = PBXFrameworksBuildPhase;
			buildActionMask = 2147483647;
			files = (
			);
			runOnlyForDeploymentPostprocessing = 0;
		};
		42B6F60C28C7041E002EC631 /* Frameworks */ = {
			isa = PBXFrameworksBuildPhase;
			buildActionMask = 2147483647;
			files = (
			);
			runOnlyForDeploymentPostprocessing = 0;
		};
		42B6F61628C7041E002EC631 /* Frameworks */ = {
			isa = PBXFrameworksBuildPhase;
			buildActionMask = 2147483647;
			files = (
			);
			runOnlyForDeploymentPostprocessing = 0;
		};
/* End PBXFrameworksBuildPhase section */

/* Begin PBXGroup section */
		42B6F5F128C7041D002EC631 = {
			isa = PBXGroup;
			children = (
				42B6F5FC28C7041D002EC631 /* MoneyAppp */,
				42B6F61228C7041E002EC631 /* MoneyApppTests */,
				42B6F61C28C7041E002EC631 /* MoneyApppUITests */,
				42B6F5FB28C7041D002EC631 /* Products */,
			);
			sourceTree = "<group>";
		};
		42B6F5FB28C7041D002EC631 /* Products */ = {
			isa = PBXGroup;
			children = (
				42B6F5FA28C7041D002EC631 /* MoneyAppp.app */,
				42B6F60F28C7041E002EC631 /* MoneyApppTests.xctest */,
				42B6F61928C7041E002EC631 /* MoneyApppUITests.xctest */,
			);
			name = Products;
			sourceTree = "<group>";
		};
		42B6F5FC28C7041D002EC631 /* MoneyAppp */ = {
			isa = PBXGroup;
			children = (
				42B6F63028C708B5002EC631 /* Services */,
				42B6F62D28C70843002EC631 /* Models */,
				42B6F62C28C70815002EC631 /* Views */,
				42B6F5FD28C7041D002EC631 /* MoneyApppApp.swift */,
				42B6F60128C7041E002EC631 /* Assets.xcassets */,
				42B6F60628C7041E002EC631 /* Persistence.swift */,
				42B6F60828C7041E002EC631 /* MoneyAppp.xcdatamodeld */,
				42B6F60328C7041E002EC631 /* Preview Content */,
				42B6F63B28C70EDA002EC631 /* Auth.swift */,
			);
			path = MoneyAppp;
			sourceTree = "<group>";
		};
		42B6F60328C7041E002EC631 /* Preview Content */ = {
			isa = PBXGroup;
			children = (
				42B6F60428C7041E002EC631 /* Preview Assets.xcassets */,
			);
			path = "Preview Content";
			sourceTree = "<group>";
		};
		42B6F61228C7041E002EC631 /* MoneyApppTests */ = {
			isa = PBXGroup;
			children = (
				42B6F61328C7041E002EC631 /* MoneyApppTests.swift */,
			);
			path = MoneyApppTests;
			sourceTree = "<group>";
		};
		42B6F61C28C7041E002EC631 /* MoneyApppUITests */ = {
			isa = PBXGroup;
			children = (
				42B6F61D28C7041E002EC631 /* MoneyApppUITests.swift */,
				42B6F61F28C7041E002EC631 /* MoneyApppUITestsLaunchTests.swift */,
			);
			path = MoneyApppUITests;
			sourceTree = "<group>";
		};
		42B6F62C28C70815002EC631 /* Views */ = {
			isa = PBXGroup;
			children = (
				42B6F5FF28C7041D002EC631 /* ContentView.swift */,
				42B6F63728C70C81002EC631 /* LoginViewModel.swift */,
				42B6F63928C70CA4002EC631 /* LoginView.swift */,
			);
			path = Views;
			sourceTree = "<group>";
		};
		42B6F62D28C70843002EC631 /* Models */ = {
			isa = PBXGroup;
			children = (
				42B6F62E28C70868002EC631 /* Credentials.swift */,
			);
			path = Models;
			sourceTree = "<group>";
		};
		42B6F63028C708B5002EC631 /* Services */ = {
			isa = PBXGroup;
			children = (
				42B6F63128C708E1002EC631 /* ApiService.swift */,
				42B6F63328C70A27002EC631 /* UIApplication+Extension.swift */,
			);
			path = Services;
			sourceTree = "<group>";
		};
/* End PBXGroup section */

/* Begin PBXNativeTarget section */
		42B6F5F928C7041D002EC631 /* MoneyAppp */ = {
			isa = PBXNativeTarget;
			buildConfigurationList = 42B6F62328C7041E002EC631 /* Build configuration list for PBXNativeTarget "MoneyAppp" */;
			buildPhases = (
				42B6F5F628C7041D002EC631 /* Sources */,
				42B6F5F728C7041D002EC631 /* Frameworks */,
				42B6F5F828C7041D002EC631 /* Resources */,
			);
			buildRules = (
			);
			dependencies = (
			);
			name = MoneyAppp;
			productName = MoneyAppp;
			productReference = 42B6F5FA28C7041D002EC631 /* MoneyAppp.app */;
			productType = "com.apple.product-type.application";
		};
		42B6F60E28C7041E002EC631 /* MoneyApppTests */ = {
			isa = PBXNativeTarget;
			buildConfigurationList = 42B6F62628C7041E002EC631 /* Build configuration list for PBXNativeTarget "MoneyApppTests" */;
			buildPhases = (
				42B6F60B28C7041E002EC631 /* Sources */,
				42B6F60C28C7041E002EC631 /* Frameworks */,
				42B6F60D28C7041E002EC631 /* Resources */,
			);
			buildRules = (
			);
			dependencies = (
				42B6F61128C7041E002EC631 /* PBXTargetDependency */,
			);
			name = MoneyApppTests;
			productName = MoneyApppTests;
			productReference = 42B6F60F28C7041E002EC631 /* MoneyApppTests.xctest */;
			productType = "com.apple.product-type.bundle.unit-test";
		};
		42B6F61828C7041E002EC631 /* MoneyApppUITests */ = {
			isa = PBXNativeTarget;
			buildConfigurationList = 42B6F62928C7041E002EC631 /* Build configuration list for PBXNativeTarget "MoneyApppUITests" */;
			buildPhases = (
				42B6F61528C7041E002EC631 /* Sources */,
				42B6F61628C7041E002EC631 /* Frameworks */,
				42B6F61728C7041E002EC631 /* Resources */,
			);
			buildRules = (
			);
			dependencies = (
				42B6F61B28C7041E002EC631 /* PBXTargetDependency */,
			);
			name = MoneyApppUITests;
			productName = MoneyApppUITests;
			productReference = 42B6F61928C7041E002EC631 /* MoneyApppUITests.xctest */;
			productType = "com.apple.product-type.bundle.ui-testing";
		};
/* End PBXNativeTarget section */

/* Begin PBXProject section */
		42B6F5F228C7041D002EC631 /* Project object */ = {
			isa = PBXProject;
			attributes = {
				BuildIndependentTargetsInParallel = 1;
				LastSwiftUpdateCheck = 1400;
				LastUpgradeCheck = 1400;
				TargetAttributes = {
					42B6F5F928C7041D002EC631 = {
						CreatedOnToolsVersion = 14.0;
					};
					42B6F60E28C7041E002EC631 = {
						CreatedOnToolsVersion = 14.0;
						TestTargetID = 42B6F5F928C7041D002EC631;
					};
					42B6F61828C7041E002EC631 = {
						CreatedOnToolsVersion = 14.0;
						TestTargetID = 42B6F5F928C7041D002EC631;
					};
				};
			};
			buildConfigurationList = 42B6F5F528C7041D002EC631 /* Build configuration list for PBXProject "MoneyAppp" */;
			compatibilityVersion = "Xcode 14.0";
			developmentRegion = en;
			hasScannedForEncodings = 0;
			knownRegions = (
				en,
				Base,
			);
			mainGroup = 42B6F5F128C7041D002EC631;
			productRefGroup = 42B6F5FB28C7041D002EC631 /* Products */;
			projectDirPath = "";
			projectRoot = "";
			targets = (
				42B6F5F928C7041D002EC631 /* MoneyAppp */,
				42B6F60E28C7041E002EC631 /* MoneyApppTests */,
				42B6F61828C7041E002EC631 /* MoneyApppUITests */,
			);
		};
/* End PBXProject section */

/* Begin PBXResourcesBuildPhase section */
		42B6F5F828C7041D002EC631 /* Resources */ = {
			isa = PBXResourcesBuildPhase;
			buildActionMask = 2147483647;
			files = (
				42B6F60528C7041E002EC631 /* Preview Assets.xcassets in Resources */,
				42B6F60228C7041E002EC631 /* Assets.xcassets in Resources */,
			);
			runOnlyForDeploymentPostprocessing = 0;
		};
		42B6F60D28C7041E002EC631 /* Resources */ = {
			isa = PBXResourcesBuildPhase;
			buildActionMask = 2147483647;
			files = (
			);
			runOnlyForDeploymentPostprocessing = 0;
		};
		42B6F61728C7041E002EC631 /* Resources */ = {
			isa = PBXResourcesBuildPhase;
			buildActionMask = 2147483647;
			files = (
			);
			runOnlyForDeploymentPostprocessing = 0;
		};
/* End PBXResourcesBuildPhase section */

/* Begin PBXSourcesBuildPhase section */
		42B6F5F628C7041D002EC631 /* Sources */ = {
			isa = PBXSourcesBuildPhase;
			buildActionMask = 2147483647;
			files = (
				42B6F60728C7041E002EC631 /* Persistence.swift in Sources */,
				42B6F60028C7041D002EC631 /* ContentView.swift in Sources */,
				42B6F63228C708E1002EC631 /* ApiService.swift in Sources */,
				42B6F63A28C70CA4002EC631 /* LoginView.swift in Sources */,
				42B6F62F28C70868002EC631 /* Credentials.swift in Sources */,
				42B6F63C28C70EDA002EC631 /* Auth.swift in Sources */,
				42B6F5FE28C7041D002EC631 /* MoneyApppApp.swift in Sources */,
				42B6F60A28C7041E002EC631 /* MoneyAppp.xcdatamodeld in Sources */,
				42B6F63428C70A27002EC631 /* UIApplication+Extension.swift in Sources */,
				42B6F63828C70C81002EC631 /* LoginViewModel.swift in Sources */,
			);
			runOnlyForDeploymentPostprocessing = 0;
		};
		42B6F60B28C7041E002EC631 /* Sources */ = {
			isa = PBXSourcesBuildPhase;
			buildActionMask = 2147483647;
			files = (
				42B6F61428C7041E002EC631 /* MoneyApppTests.swift in Sources */,
			);
			runOnlyForDeploymentPostprocessing = 0;
		};
		42B6F61528C7041E002EC631 /* Sources */ = {
			isa = PBXSourcesBuildPhase;
			buildActionMask = 2147483647;
			files = (
				42B6F62028C7041E002EC631 /* MoneyApppUITestsLaunchTests.swift in Sources */,
				42B6F61E28C7041E002EC631 /* MoneyApppUITests.swift in Sources */,
			);
			runOnlyForDeploymentPostprocessing = 0;
		};
/* End PBXSourcesBuildPhase section */

/* Begin PBXTargetDependency section */
		42B6F61128C7041E002EC631 /* PBXTargetDependency */ = {
			isa = PBXTargetDependency;
			target = 42B6F5F928C7041D002EC631 /* MoneyAppp */;
			targetProxy = 42B6F61028C7041E002EC631 /* PBXContainerItemProxy */;
		};
		42B6F61B28C7041E002EC631 /* PBXTargetDependency */ = {
			isa = PBXTargetDependency;
			target = 42B6F5F928C7041D002EC631 /* MoneyAppp */;
			targetProxy = 42B6F61A28C7041E002EC631 /* PBXContainerItemProxy */;
		};
/* End PBXTargetDependency section */

/* Begin XCBuildConfiguration section */
		42B6F62128C7041E002EC631 /* Debug */ = {
			isa = XCBuildConfiguration;
			buildSettings = {
				ALWAYS_SEARCH_USER_PATHS = NO;
				CLANG_ANALYZER_NONNULL = YES;
				CLANG_ANALYZER_NUMBER_OBJECT_CONVERSION = YES_AGGRESSIVE;
				CLANG_CXX_LANGUAGE_STANDARD = "gnu++20";
				CLANG_ENABLE_MODULES = YES;
				CLANG_ENABLE_OBJC_ARC = YES;
				CLANG_ENABLE_OBJC_WEAK = YES;
				CLANG_WARN_BLOCK_CAPTURE_AUTORELEASING = YES;
				CLANG_WARN_BOOL_CONVERSION = YES;
				CLANG_WARN_COMMA = YES;
				CLANG_WARN_CONSTANT_CONVERSION = YES;
				CLANG_WARN_DEPRECATED_OBJC_IMPLEMENTATIONS = YES;
				CLANG_WARN_DIRECT_OBJC_ISA_USAGE = YES_ERROR;
				CLANG_WARN_DOCUMENTATION_COMMENTS = YES;
				CLANG_WARN_EMPTY_BODY = YES;
				CLANG_WARN_ENUM_CONVERSION = YES;
				CLANG_WARN_INFINITE_RECURSION = YES;
				CLANG_WARN_INT_CONVERSION = YES;
				CLANG_WARN_NON_LITERAL_NULL_CONVERSION = YES;
				CLANG_WARN_OBJC_IMPLICIT_RETAIN_SELF = YES;
				CLANG_WARN_OBJC_LITERAL_CONVERSION = YES;
				CLANG_WARN_OBJC_ROOT_CLASS = YES_ERROR;
				CLANG_WARN_QUOTED_INCLUDE_IN_FRAMEWORK_HEADER = YES;
				CLANG_WARN_RANGE_LOOP_ANALYSIS = YES;
				CLANG_WARN_STRICT_PROTOTYPES = YES;
				CLANG_WARN_SUSPICIOUS_MOVE = YES;
				CLANG_WARN_UNGUARDED_AVAILABILITY = YES_AGGRESSIVE;
				CLANG_WARN_UNREACHABLE_CODE = YES;
				CLANG_WARN__DUPLICATE_METHOD_MATCH = YES;
				COPY_PHASE_STRIP = NO;
				DEBUG_INFORMATION_FORMAT = dwarf;
				ENABLE_STRICT_OBJC_MSGSEND = YES;
				ENABLE_TESTABILITY = YES;
				GCC_C_LANGUAGE_STANDARD = gnu11;
				GCC_DYNAMIC_NO_PIC = NO;
				GCC_NO_COMMON_BLOCKS = YES;
				GCC_OPTIMIZATION_LEVEL = 0;
				GCC_PREPROCESSOR_DEFINITIONS = (
					"DEBUG=1",
					"$(inherited)",
				);
				GCC_WARN_64_TO_32_BIT_CONVERSION = YES;
				GCC_WARN_ABOUT_RETURN_TYPE = YES_ERROR;
				GCC_WARN_UNDECLARED_SELECTOR = YES;
				GCC_WARN_UNINITIALIZED_AUTOS = YES_AGGRESSIVE;
				GCC_WARN_UNUSED_FUNCTION = YES;
				GCC_WARN_UNUSED_VARIABLE = YES;
				IPHONEOS_DEPLOYMENT_TARGET = 16.0;
				MTL_ENABLE_DEBUG_INFO = INCLUDE_SOURCE;
				MTL_FAST_MATH = YES;
				ONLY_ACTIVE_ARCH = YES;
				SDKROOT = iphoneos;
				SWIFT_ACTIVE_COMPILATION_CONDITIONS = DEBUG;
				SWIFT_OPTIMIZATION_LEVEL = "-Onone";
			};
			name = Debug;
		};
		42B6F62228C7041E002EC631 /* Release */ = {
			isa = XCBuildConfiguration;
			buildSettings = {
				ALWAYS_SEARCH_USER_PATHS = NO;
				CLANG_ANALYZER_NONNULL = YES;
				CLANG_ANALYZER_NUMBER_OBJECT_CONVERSION = YES_AGGRESSIVE;
				CLANG_CXX_LANGUAGE_STANDARD = "gnu++20";
				CLANG_ENABLE_MODULES = YES;
				CLANG_ENABLE_OBJC_ARC = YES;
				CLANG_ENABLE_OBJC_WEAK = YES;
				CLANG_WARN_BLOCK_CAPTURE_AUTORELEASING = YES;
				CLANG_WARN_BOOL_CONVERSION = YES;
				CLANG_WARN_COMMA = YES;
				CLANG_WARN_CONSTANT_CONVERSION = YES;
				CLANG_WARN_DEPRECATED_OBJC_IMPLEMENTATIONS = YES;
				CLANG_WARN_DIRECT_OBJC_ISA_USAGE = YES_ERROR;
				CLANG_WARN_DOCUMENTATION_COMMENTS = YES;
				CLANG_WARN_EMPTY_BODY = YES;
				CLANG_WARN_ENUM_CONVERSION = YES;
				CLANG_WARN_INFINITE_RECURSION = YES;
				CLANG_WARN_INT_CONVERSION = YES;
				CLANG_WARN_NON_LITERAL_NULL_CONVERSION = YES;
				CLANG_WARN_OBJC_IMPLICIT_RETAIN_SELF = YES;
				CLANG_WARN_OBJC_LITERAL_CONVERSION = YES;
				CLANG_WARN_OBJC_ROOT_CLASS = YES_ERROR;
				CLANG_WARN_QUOTED_INCLUDE_IN_FRAMEWORK_HEADER = YES;
				CLANG_WARN_RANGE_LOOP_ANALYSIS = YES;
				CLANG_WARN_STRICT_PROTOTYPES = YES;
				CLANG_WARN_SUSPICIOUS_MOVE = YES;
				CLANG_WARN_UNGUARDED_AVAILABILITY = YES_AGGRESSIVE;
				CLANG_WARN_UNREACHABLE_CODE = YES;
				CLANG_WARN__DUPLICATE_METHOD_MATCH = YES;
				COPY_PHASE_STRIP = NO;
				DEBUG_INFORMATION_FORMAT = "dwarf-with-dsym";
				ENABLE_NS_ASSERTIONS = NO;
				ENABLE_STRICT_OBJC_MSGSEND = YES;
				GCC_C_LANGUAGE_STANDARD = gnu11;
				GCC_NO_COMMON_BLOCKS = YES;
				GCC_WARN_64_TO_32_BIT_CONVERSION = YES;
				GCC_WARN_ABOUT_RETURN_TYPE = YES_ERROR;
				GCC_WARN_UNDECLARED_SELECTOR = YES;
				GCC_WARN_UNINITIALIZED_AUTOS = YES_AGGRESSIVE;
				GCC_WARN_UNUSED_FUNCTION = YES;
				GCC_WARN_UNUSED_VARIABLE = YES;
				IPHONEOS_DEPLOYMENT_TARGET = 16.0;
				MTL_ENABLE_DEBUG_INFO = NO;
				MTL_FAST_MATH = YES;
				SDKROOT = iphoneos;
				SWIFT_COMPILATION_MODE = wholemodule;
				SWIFT_OPTIMIZATION_LEVEL = "-O";
				VALIDATE_PRODUCT = YES;
			};
			name = Release;
		};
		42B6F62428C7041E002EC631 /* Debug */ = {
			isa = XCBuildConfiguration;
			buildSettings = {
				ASSETCATALOG_COMPILER_APPICON_NAME = AppIcon;
				ASSETCATALOG_COMPILER_GLOBAL_ACCENT_COLOR_NAME = AccentColor;
				CODE_SIGN_STYLE = Automatic;
				CURRENT_PROJECT_VERSION = 1;
				DEVELOPMENT_ASSET_PATHS = "\"MoneyAppp/Preview Content\"";
				DEVELOPMENT_TEAM = 7TCQ9W3U7C;
				ENABLE_PREVIEWS = YES;
				GENERATE_INFOPLIST_FILE = YES;
				INFOPLIST_KEY_UIApplicationSceneManifest_Generation = YES;
				INFOPLIST_KEY_UIApplicationSupportsIndirectInputEvents = YES;
				INFOPLIST_KEY_UILaunchScreen_Generation = YES;
				INFOPLIST_KEY_UISupportedInterfaceOrientations_iPad = "UIInterfaceOrientationPortrait UIInterfaceOrientationPortraitUpsideDown UIInterfaceOrientationLandscapeLeft UIInterfaceOrientationLandscapeRight";
				INFOPLIST_KEY_UISupportedInterfaceOrientations_iPhone = "UIInterfaceOrientationPortrait UIInterfaceOrientationLandscapeLeft UIInterfaceOrientationLandscapeRight";
				LD_RUNPATH_SEARCH_PATHS = (
					"$(inherited)",
					"@executable_path/Frameworks",
				);
				MARKETING_VERSION = 1.0;
				PRODUCT_BUNDLE_IDENTIFIER = jjgonzalezPersonal.MoneyAppp;
				PRODUCT_NAME = "$(TARGET_NAME)";
				SWIFT_EMIT_LOC_STRINGS = YES;
				SWIFT_VERSION = 5.0;
				TARGETED_DEVICE_FAMILY = "1,2";
			};
			name = Debug;
		};
		42B6F62528C7041E002EC631 /* Release */ = {
			isa = XCBuildConfiguration;
			buildSettings = {
				ASSETCATALOG_COMPILER_APPICON_NAME = AppIcon;
				ASSETCATALOG_COMPILER_GLOBAL_ACCENT_COLOR_NAME = AccentColor;
				CODE_SIGN_STYLE = Automatic;
				CURRENT_PROJECT_VERSION = 1;
				DEVELOPMENT_ASSET_PATHS = "\"MoneyAppp/Preview Content\"";
				DEVELOPMENT_TEAM = 7TCQ9W3U7C;
				ENABLE_PREVIEWS = YES;
				GENERATE_INFOPLIST_FILE = YES;
				INFOPLIST_KEY_UIApplicationSceneManifest_Generation = YES;
				INFOPLIST_KEY_UIApplicationSupportsIndirectInputEvents = YES;
				INFOPLIST_KEY_UILaunchScreen_Generation = YES;
				INFOPLIST_KEY_UISupportedInterfaceOrientations_iPad = "UIInterfaceOrientationPortrait UIInterfaceOrientationPortraitUpsideDown UIInterfaceOrientationLandscapeLeft UIInterfaceOrientationLandscapeRight";
				INFOPLIST_KEY_UISupportedInterfaceOrientations_iPhone = "UIInterfaceOrientationPortrait UIInterfaceOrientationLandscapeLeft UIInterfaceOrientationLandscapeRight";
				LD_RUNPATH_SEARCH_PATHS = (
					"$(inherited)",
					"@executable_path/Frameworks",
				);
				MARKETING_VERSION = 1.0;
				PRODUCT_BUNDLE_IDENTIFIER = jjgonzalezPersonal.MoneyAppp;
				PRODUCT_NAME = "$(TARGET_NAME)";
				SWIFT_EMIT_LOC_STRINGS = YES;
				SWIFT_VERSION = 5.0;
				TARGETED_DEVICE_FAMILY = "1,2";
			};
			name = Release;
		};
		42B6F62728C7041E002EC631 /* Debug */ = {
			isa = XCBuildConfiguration;
			buildSettings = {
				ALWAYS_EMBED_SWIFT_STANDARD_LIBRARIES = YES;
				BUNDLE_LOADER = "$(TEST_HOST)";
				CODE_SIGN_STYLE = Automatic;
				CURRENT_PROJECT_VERSION = 1;
				DEVELOPMENT_TEAM = 7TCQ9W3U7C;
				GENERATE_INFOPLIST_FILE = YES;
				IPHONEOS_DEPLOYMENT_TARGET = 16.0;
				MARKETING_VERSION = 1.0;
				PRODUCT_BUNDLE_IDENTIFIER = jjgonzalezPersonal.MoneyApppTests;
				PRODUCT_NAME = "$(TARGET_NAME)";
				SWIFT_EMIT_LOC_STRINGS = NO;
				SWIFT_VERSION = 5.0;
				TARGETED_DEVICE_FAMILY = "1,2";
				TEST_HOST = "$(BUILT_PRODUCTS_DIR)/MoneyAppp.app/$(BUNDLE_EXECUTABLE_FOLDER_PATH)/MoneyAppp";
			};
			name = Debug;
		};
		42B6F62828C7041E002EC631 /* Release */ = {
			isa = XCBuildConfiguration;
			buildSettings = {
				ALWAYS_EMBED_SWIFT_STANDARD_LIBRARIES = YES;
				BUNDLE_LOADER = "$(TEST_HOST)";
				CODE_SIGN_STYLE = Automatic;
				CURRENT_PROJECT_VERSION = 1;
				DEVELOPMENT_TEAM = 7TCQ9W3U7C;
				GENERATE_INFOPLIST_FILE = YES;
				IPHONEOS_DEPLOYMENT_TARGET = 16.0;
				MARKETING_VERSION = 1.0;
				PRODUCT_BUNDLE_IDENTIFIER = jjgonzalezPersonal.MoneyApppTests;
				PRODUCT_NAME = "$(TARGET_NAME)";
				SWIFT_EMIT_LOC_STRINGS = NO;
				SWIFT_VERSION = 5.0;
				TARGETED_DEVICE_FAMILY = "1,2";
				TEST_HOST = "$(BUILT_PRODUCTS_DIR)/MoneyAppp.app/$(BUNDLE_EXECUTABLE_FOLDER_PATH)/MoneyAppp";
			};
			name = Release;
		};
		42B6F62A28C7041E002EC631 /* Debug */ = {
			isa = XCBuildConfiguration;
			buildSettings = {
				ALWAYS_EMBED_SWIFT_STANDARD_LIBRARIES = YES;
				CODE_SIGN_STYLE = Automatic;
				CURRENT_PROJECT_VERSION = 1;
				DEVELOPMENT_TEAM = 7TCQ9W3U7C;
				GENERATE_INFOPLIST_FILE = YES;
				MARKETING_VERSION = 1.0;
				PRODUCT_BUNDLE_IDENTIFIER = jjgonzalezPersonal.MoneyApppUITests;
				PRODUCT_NAME = "$(TARGET_NAME)";
				SWIFT_EMIT_LOC_STRINGS = NO;
				SWIFT_VERSION = 5.0;
				TARGETED_DEVICE_FAMILY = "1,2";
				TEST_TARGET_NAME = MoneyAppp;
			};
			name = Debug;
		};
		42B6F62B28C7041E002EC631 /* Release */ = {
			isa = XCBuildConfiguration;
			buildSettings = {
				ALWAYS_EMBED_SWIFT_STANDARD_LIBRARIES = YES;
				CODE_SIGN_STYLE = Automatic;
				CURRENT_PROJECT_VERSION = 1;
				DEVELOPMENT_TEAM = 7TCQ9W3U7C;
				GENERATE_INFOPLIST_FILE = YES;
				MARKETING_VERSION = 1.0;
				PRODUCT_BUNDLE_IDENTIFIER = jjgonzalezPersonal.MoneyApppUITests;
				PRODUCT_NAME = "$(TARGET_NAME)";
				SWIFT_EMIT_LOC_STRINGS = NO;
				SWIFT_VERSION = 5.0;
				TARGETED_DEVICE_FAMILY = "1,2";
				TEST_TARGET_NAME = MoneyAppp;
			};
			name = Release;
		};
/* End XCBuildConfiguration section */

/* Begin XCConfigurationList section */
		42B6F5F528C7041D002EC631 /* Build configuration list for PBXProject "MoneyAppp" */ = {
			isa = XCConfigurationList;
			buildConfigurations = (
				42B6F62128C7041E002EC631 /* Debug */,
				42B6F62228C7041E002EC631 /* Release */,
			);
			defaultConfigurationIsVisible = 0;
			defaultConfigurationName = Release;
		};
		42B6F62328C7041E002EC631 /* Build configuration list for PBXNativeTarget "MoneyAppp" */ = {
			isa = XCConfigurationList;
			buildConfigurations = (
				42B6F62428C7041E002EC631 /* Debug */,
				42B6F62528C7041E002EC631 /* Release */,
			);
			defaultConfigurationIsVisible = 0;
			defaultConfigurationName = Release;
		};
		42B6F62628C7041E002EC631 /* Build configuration list for PBXNativeTarget "MoneyApppTests" */ = {
			isa = XCConfigurationList;
			buildConfigurations = (
				42B6F62728C7041E002EC631 /* Debug */,
				42B6F62828C7041E002EC631 /* Release */,
			);
			defaultConfigurationIsVisible = 0;
			defaultConfigurationName = Release;
		};
		42B6F62928C7041E002EC631 /* Build configuration list for PBXNativeTarget "MoneyApppUITests" */ = {
			isa = XCConfigurationList;
			buildConfigurations = (
				42B6F62A28C7041E002EC631 /* Debug */,
				42B6F62B28C7041E002EC631 /* Release */,
			);
			defaultConfigurationIsVisible = 0;
			defaultConfigurationName = Release;
		};
/* End XCConfigurationList section */

/* Begin XCVersionGroup section */
		42B6F60828C7041E002EC631 /* MoneyAppp.xcdatamodeld */ = {
			isa = XCVersionGroup;
			children = (
				42B6F60928C7041E002EC631 /* MoneyAppp.xcdatamodel */,
			);
			currentVersion = 42B6F60928C7041E002EC631 /* MoneyAppp.xcdatamodel */;
			path = MoneyAppp.xcdatamodeld;
			sourceTree = "<group>";
			versionGroupType = wrapper.xcdatamodel;
		};
/* End XCVersionGroup section */
	};
	rootObject = 42B6F5F228C7041D002EC631 /* Project object */;
}
